
Microsoft Visual Studio Solution File, Format Version 12.00
# Visual Studio 15
VisualStudioVersion = 15.0.27130.2024
MinimumVisualStudioVersion = 10.0.40219.1
Project("{FAE04EC0-301F-11D3-BF4B-00C04F79EFBC}") = "AWO_Team14", "AWO_Team14\AWO_Team14.csproj", "{C19048A7-3436-4BA5-938D-428C737D1A11}"
EndProject
Project("{FAE04EC0-301F-11D3-BF4B-00C04F79EFBC}") = "Deng_Alina_HW5", "..\..\..\source\repos\Deng_Alina_HW5\Deng_Alina_HW5\Deng_Alina_HW5.csproj", "{A0E2FD8C-9535-4960-98A1-EDF237D67578}"
EndProject
Project("{FAE04EC0-301F-11D3-BF4B-00C04F79EFBC}") = "sp18DengAlinaHW4", "..\..\..\source\repos\sp18DengAlinaHW4\sp18DengAlinaHW4\sp18DengAlinaHW4.csproj", "{31E2D1F0-8F1E-4172-B9FF-E5652E83C036}"
EndProject
Global
	GlobalSection(SolutionConfigurationPlatforms) = preSolution
		Debug|Any CPU = Debug|Any CPU
		Release|Any CPU = Release|Any CPU
	EndGlobalSection
	GlobalSection(ProjectConfigurationPlatforms) = postSolution
		{C19048A7-3436-4BA5-938D-428C737D1A11}.Debug|Any CPU.ActiveCfg = Debug|Any CPU
		{C19048A7-3436-4BA5-938D-428C737D1A11}.Debug|Any CPU.Build.0 = Debug|Any CPU
		{C19048A7-3436-4BA5-938D-428C737D1A11}.Release|Any CPU.ActiveCfg = Release|Any CPU
		{C19048A7-3436-4BA5-938D-428C737D1A11}.Release|Any CPU.Build.0 = Release|Any CPU
		{A0E2FD8C-9535-4960-98A1-EDF237D67578}.Debug|Any CPU.ActiveCfg = Debug|Any CPU
		{A0E2FD8C-9535-4960-98A1-EDF237D67578}.Debug|Any CPU.Build.0 = Debug|Any CPU
		{A0E2FD8C-9535-4960-98A1-EDF237D67578}.Release|Any CPU.ActiveCfg = Release|Any CPU
		{A0E2FD8C-9535-4960-98A1-EDF237D67578}.Release|Any CPU.Build.0 = Release|Any CPU
		{31E2D1F0-8F1E-4172-B9FF-E5652E83C036}.Debug|Any CPU.ActiveCfg = Debug|Any CPU
		{31E2D1F0-8F1E-4172-B9FF-E5652E83C036}.Debug|Any CPU.Build.0 = Debug|Any CPU
		{31E2D1F0-8F1E-4172-B9FF-E5652E83C036}.Release|Any CPU.ActiveCfg = Release|Any CPU
		{31E2D1F0-8F1E-4172-B9FF-E5652E83C036}.Release|Any CPU.Build.0 = Release|Any CPU
	EndGlobalSection
	GlobalSection(SolutionProperties) = preSolution
		HideSolutionNode = FALSE
	EndGlobalSection
	GlobalSection(ExtensibilityGlobals) = postSolution
		SolutionGuid = {1ADE1F50-22B6-4368-B4C4-735D6DE4B05E}
	EndGlobalSection
EndGlobal
