
Microsoft Visual Studio Solution File, Format Version 12.00
# Visual Studio 15
VisualStudioVersion = 15.0.27130.2024
MinimumVisualStudioVersion = 10.0.40219.1
Project("{FAE04EC0-301F-11D3-BF4B-00C04F79EFBC}") = "AWO_Team14", "AWO_Team14\AWO_Team14.csproj", "{C19048A7-3436-4BA5-938D-428C737D1A11}"
EndProject
Global
	GlobalSection(SolutionConfigurationPlatforms) = preSolution
		Debug|Any CPU = Debug|Any CPU
		Release|Any CPU = Release|Any CPU
	EndGlobalSection
	GlobalSection(ProjectConfigurationPlatforms) = postSolution
		{C19048A7-3436-4BA5-938D-428C737D1A11}.Debug|Any CPU.ActiveCfg = Debug|Any CPU
		{C19048A7-3436-4BA5-938D-428C737D1A11}.Debug|Any CPU.Build.0 = Debug|Any CPU
		{C19048A7-3436-4BA5-938D-428C737D1A11}.Release|Any CPU.ActiveCfg = Release|Any CPU
		{C19048A7-3436-4BA5-938D-428C737D1A11}.Release|Any CPU.Build.0 = Release|Any CPU
	EndGlobalSection
	GlobalSection(SolutionProperties) = preSolution
		HideSolutionNode = FALSE
	EndGlobalSection
	GlobalSection(ExtensibilityGlobals) = postSolution
		SolutionGuid = {ABE172BB-4A72-4976-9ACE-3A639A0E280A}
	EndGlobalSection
EndGlobal
